
Microsoft Visual Studio Solution File, Format Version 12.00
Project("{FAE04EC0-301F-11D3-BF4B-00C04F79EFBC}") = "GymCarSystemBackend", "GymCarSystemBackend\GymCarSystemBackend.csproj", "{7E8F4A17-47AC-43AA-9925-3C683220E8B2}"
EndProject
Project("{FAE04EC0-301F-11D3-BF4B-00C04F79EFBC}") = "DAL", "DAL\DAL.csproj", "{1FA84BBA-013A-421A-B3FD-050C8FCA95CA}"
EndProject
Project("{FAE04EC0-301F-11D3-BF4B-00C04F79EFBC}") = "Common", "Common\Common.csproj", "{22A4247F-FDE7-4540-A047-311B2FC0FDDD}"
EndProject
Project("{FAE04EC0-301F-11D3-BF4B-00C04F79EFBC}") = "CLL", "CLL\CLL.csproj", "{A6EB7D44-1021-44B2-B1C2-418CC58089B3}"
EndProject
Project("{FAE04EC0-301F-11D3-BF4B-00C04F79EFBC}") = "BLL", "BLL\BLL.csproj", "{C45A92AA-D34A-40D4-BDE6-422BB4DF5AA8}"
EndProject
Project("{FAE04EC0-301F-11D3-BF4B-00C04F79EFBC}") = "Tests", "Tests\Tests.csproj", "{51FD5BBA-1A39-4DDE-9A4B-459DAB04196D}"
EndProject
Global
	GlobalSection(SolutionConfigurationPlatforms) = preSolution
		Debug|Any CPU = Debug|Any CPU
		Release|Any CPU = Release|Any CPU
	EndGlobalSection
	GlobalSection(ProjectConfigurationPlatforms) = postSolution
		{7E8F4A17-47AC-43AA-9925-3C683220E8B2}.Debug|Any CPU.ActiveCfg = Debug|Any CPU
		{7E8F4A17-47AC-43AA-9925-3C683220E8B2}.Debug|Any CPU.Build.0 = Debug|Any CPU
		{7E8F4A17-47AC-43AA-9925-3C683220E8B2}.Release|Any CPU.ActiveCfg = Release|Any CPU
		{7E8F4A17-47AC-43AA-9925-3C683220E8B2}.Release|Any CPU.Build.0 = Release|Any CPU
		{1FA84BBA-013A-421A-B3FD-050C8FCA95CA}.Debug|Any CPU.ActiveCfg = Debug|Any CPU
		{1FA84BBA-013A-421A-B3FD-050C8FCA95CA}.Debug|Any CPU.Build.0 = Debug|Any CPU
		{1FA84BBA-013A-421A-B3FD-050C8FCA95CA}.Release|Any CPU.ActiveCfg = Release|Any CPU
		{1FA84BBA-013A-421A-B3FD-050C8FCA95CA}.Release|Any CPU.Build.0 = Release|Any CPU
		{22A4247F-FDE7-4540-A047-311B2FC0FDDD}.Debug|Any CPU.ActiveCfg = Debug|Any CPU
		{22A4247F-FDE7-4540-A047-311B2FC0FDDD}.Debug|Any CPU.Build.0 = Debug|Any CPU
		{22A4247F-FDE7-4540-A047-311B2FC0FDDD}.Release|Any CPU.ActiveCfg = Release|Any CPU
		{22A4247F-FDE7-4540-A047-311B2FC0FDDD}.Release|Any CPU.Build.0 = Release|Any CPU
		{A6EB7D44-1021-44B2-B1C2-418CC58089B3}.Debug|Any CPU.ActiveCfg = Debug|Any CPU
		{A6EB7D44-1021-44B2-B1C2-418CC58089B3}.Debug|Any CPU.Build.0 = Debug|Any CPU
		{A6EB7D44-1021-44B2-B1C2-418CC58089B3}.Release|Any CPU.ActiveCfg = Release|Any CPU
		{A6EB7D44-1021-44B2-B1C2-418CC58089B3}.Release|Any CPU.Build.0 = Release|Any CPU
		{C45A92AA-D34A-40D4-BDE6-422BB4DF5AA8}.Debug|Any CPU.ActiveCfg = Debug|Any CPU
		{C45A92AA-D34A-40D4-BDE6-422BB4DF5AA8}.Debug|Any CPU.Build.0 = Debug|Any CPU
		{C45A92AA-D34A-40D4-BDE6-422BB4DF5AA8}.Release|Any CPU.ActiveCfg = Release|Any CPU
		{C45A92AA-D34A-40D4-BDE6-422BB4DF5AA8}.Release|Any CPU.Build.0 = Release|Any CPU
		{51FD5BBA-1A39-4DDE-9A4B-459DAB04196D}.Debug|Any CPU.ActiveCfg = Debug|Any CPU
		{51FD5BBA-1A39-4DDE-9A4B-459DAB04196D}.Debug|Any CPU.Build.0 = Debug|Any CPU
		{51FD5BBA-1A39-4DDE-9A4B-459DAB04196D}.Release|Any CPU.ActiveCfg = Release|Any CPU
		{51FD5BBA-1A39-4DDE-9A4B-459DAB04196D}.Release|Any CPU.Build.0 = Release|Any CPU
	EndGlobalSection
EndGlobal
