
Microsoft Visual Studio Solution File, Format Version 12.00
Project("{FAE04EC0-301F-11D3-BF4B-00C04F79EFBC}") = "GymCardSystemBackend", "GymCardSystemBackend\GymCardSystemBackend.csproj", "{7E8F4A17-47AC-43AA-9925-3C683220E8B2}"
EndProject
Project("{FAE04EC0-301F-11D3-BF4B-00C04F79EFBC}") = "Common", "Common\Common.csproj", "{22A4247F-FDE7-4540-A047-311B2FC0FDDD}"
EndProject
Project("{FAE04EC0-301F-11D3-BF4B-00C04F79EFBC}") = "CLL", "CLL\CLL.csproj", "{A6EB7D44-1021-44B2-B1C2-418CC58089B3}"
EndProject
Project("{FAE04EC0-301F-11D3-BF4B-00C04F79EFBC}") = "BLL", "BLL\BLL.csproj", "{A96409AA-DF32-4915-AC41-D31AD95708BC}"
EndProject
Project("{FAE04EC0-301F-11D3-BF4B-00C04F79EFBC}") = "DAL", "DAL\DAL.csproj", "{7D022A52-6277-4A8A-AC21-EF2AE78E61DB}"
EndProject
Project("{FAE04EC0-301F-11D3-BF4B-00C04F79EFBC}") = "TestsLayer", "TestsLayer\TestsLayer.csproj", "{722F9C97-6F7E-495E-B633-3B48AC2C4370}"
EndProject
Global
	GlobalSection(SolutionConfigurationPlatforms) = preSolution
		Debug|Any CPU = Debug|Any CPU
		Release|Any CPU = Release|Any CPU
	EndGlobalSection
	GlobalSection(ProjectConfigurationPlatforms) = postSolution
		{7E8F4A17-47AC-43AA-9925-3C683220E8B2}.Debug|Any CPU.ActiveCfg = Debug|Any CPU
		{7E8F4A17-47AC-43AA-9925-3C683220E8B2}.Debug|Any CPU.Build.0 = Debug|Any CPU
		{7E8F4A17-47AC-43AA-9925-3C683220E8B2}.Release|Any CPU.ActiveCfg = Release|Any CPU
		{7E8F4A17-47AC-43AA-9925-3C683220E8B2}.Release|Any CPU.Build.0 = Release|Any CPU
		{22A4247F-FDE7-4540-A047-311B2FC0FDDD}.Debug|Any CPU.ActiveCfg = Debug|Any CPU
		{22A4247F-FDE7-4540-A047-311B2FC0FDDD}.Debug|Any CPU.Build.0 = Debug|Any CPU
		{22A4247F-FDE7-4540-A047-311B2FC0FDDD}.Release|Any CPU.ActiveCfg = Release|Any CPU
		{22A4247F-FDE7-4540-A047-311B2FC0FDDD}.Release|Any CPU.Build.0 = Release|Any CPU
		{A6EB7D44-1021-44B2-B1C2-418CC58089B3}.Debug|Any CPU.ActiveCfg = Debug|Any CPU
		{A6EB7D44-1021-44B2-B1C2-418CC58089B3}.Debug|Any CPU.Build.0 = Debug|Any CPU
		{A6EB7D44-1021-44B2-B1C2-418CC58089B3}.Release|Any CPU.ActiveCfg = Release|Any CPU
		{A6EB7D44-1021-44B2-B1C2-418CC58089B3}.Release|Any CPU.Build.0 = Release|Any CPU
		{A96409AA-DF32-4915-AC41-D31AD95708BC}.Debug|Any CPU.ActiveCfg = Debug|Any CPU
		{A96409AA-DF32-4915-AC41-D31AD95708BC}.Debug|Any CPU.Build.0 = Debug|Any CPU
		{A96409AA-DF32-4915-AC41-D31AD95708BC}.Release|Any CPU.ActiveCfg = Release|Any CPU
		{A96409AA-DF32-4915-AC41-D31AD95708BC}.Release|Any CPU.Build.0 = Release|Any CPU
		{7D022A52-6277-4A8A-AC21-EF2AE78E61DB}.Debug|Any CPU.ActiveCfg = Debug|Any CPU
		{7D022A52-6277-4A8A-AC21-EF2AE78E61DB}.Debug|Any CPU.Build.0 = Debug|Any CPU
		{7D022A52-6277-4A8A-AC21-EF2AE78E61DB}.Release|Any CPU.ActiveCfg = Release|Any CPU
		{7D022A52-6277-4A8A-AC21-EF2AE78E61DB}.Release|Any CPU.Build.0 = Release|Any CPU
		{722F9C97-6F7E-495E-B633-3B48AC2C4370}.Debug|Any CPU.ActiveCfg = Debug|Any CPU
		{722F9C97-6F7E-495E-B633-3B48AC2C4370}.Debug|Any CPU.Build.0 = Debug|Any CPU
		{722F9C97-6F7E-495E-B633-3B48AC2C4370}.Release|Any CPU.ActiveCfg = Release|Any CPU
		{722F9C97-6F7E-495E-B633-3B48AC2C4370}.Release|Any CPU.Build.0 = Release|Any CPU
	EndGlobalSection
EndGlobal
